
Microsoft Visual Studio Solution File, Format Version 12.00
# Visual Studio 14
VisualStudioVersion = 14.0.25123.0
MinimumVisualStudioVersion = 10.0.40219.1
Project("{FAE04EC0-301F-11D3-BF4B-00C04F79EFBC}") = "GamingGuruBlog.Web", "GamingGuruBlog.Web\GamingGuruBlog.Web.csproj", "{C006353F-98B0-4383-972F-6B23433D72D5}"
EndProject
Project("{FAE04EC0-301F-11D3-BF4B-00C04F79EFBC}") = "GamingGuruBlog.Data", "..\GamingGuruBlog.Data\GamingGuruBlog.Data.csproj", "{757FEC43-FB0D-4046-AE61-D3526975E8BC}"
EndProject
Project("{00D1A9C2-B5F0-4AF3-8072-F6C62B433612}") = "GamingGuruBlog.Database", "GamingGuruBlog.Database\GamingGuruBlog.Database.sqlproj", "{42EA6582-DEE3-421B-91AD-12F033AEE44B}"
EndProject
Project("{FAE04EC0-301F-11D3-BF4B-00C04F79EFBC}") = "GamingGuruBlog.Test", "GamingGuruBlog.Test\GamingGuruBlog.Test.csproj", "{EDB2894D-3143-44B6-A950-F5C1C7411D48}"
EndProject
Global
	GlobalSection(SolutionConfigurationPlatforms) = preSolution
		Debug|Any CPU = Debug|Any CPU
		Release|Any CPU = Release|Any CPU
	EndGlobalSection
	GlobalSection(ProjectConfigurationPlatforms) = postSolution
		{C006353F-98B0-4383-972F-6B23433D72D5}.Debug|Any CPU.ActiveCfg = Debug|Any CPU
		{C006353F-98B0-4383-972F-6B23433D72D5}.Debug|Any CPU.Build.0 = Debug|Any CPU
		{C006353F-98B0-4383-972F-6B23433D72D5}.Release|Any CPU.ActiveCfg = Release|Any CPU
		{C006353F-98B0-4383-972F-6B23433D72D5}.Release|Any CPU.Build.0 = Release|Any CPU
		{757FEC43-FB0D-4046-AE61-D3526975E8BC}.Debug|Any CPU.ActiveCfg = Debug|Any CPU
		{757FEC43-FB0D-4046-AE61-D3526975E8BC}.Debug|Any CPU.Build.0 = Debug|Any CPU
		{757FEC43-FB0D-4046-AE61-D3526975E8BC}.Release|Any CPU.ActiveCfg = Release|Any CPU
		{757FEC43-FB0D-4046-AE61-D3526975E8BC}.Release|Any CPU.Build.0 = Release|Any CPU
		{42EA6582-DEE3-421B-91AD-12F033AEE44B}.Debug|Any CPU.ActiveCfg = Debug|Any CPU
		{42EA6582-DEE3-421B-91AD-12F033AEE44B}.Debug|Any CPU.Build.0 = Debug|Any CPU
		{42EA6582-DEE3-421B-91AD-12F033AEE44B}.Debug|Any CPU.Deploy.0 = Debug|Any CPU
		{42EA6582-DEE3-421B-91AD-12F033AEE44B}.Release|Any CPU.ActiveCfg = Release|Any CPU
		{42EA6582-DEE3-421B-91AD-12F033AEE44B}.Release|Any CPU.Build.0 = Release|Any CPU
		{42EA6582-DEE3-421B-91AD-12F033AEE44B}.Release|Any CPU.Deploy.0 = Release|Any CPU
		{EDB2894D-3143-44B6-A950-F5C1C7411D48}.Debug|Any CPU.ActiveCfg = Debug|Any CPU
		{EDB2894D-3143-44B6-A950-F5C1C7411D48}.Debug|Any CPU.Build.0 = Debug|Any CPU
		{EDB2894D-3143-44B6-A950-F5C1C7411D48}.Release|Any CPU.ActiveCfg = Release|Any CPU
		{EDB2894D-3143-44B6-A950-F5C1C7411D48}.Release|Any CPU.Build.0 = Release|Any CPU
	EndGlobalSection
	GlobalSection(SolutionProperties) = preSolution
		HideSolutionNode = FALSE
	EndGlobalSection
EndGlobal
